
Microsoft Visual Studio Solution File, Format Version 12.00
# Visual Studio Version 16
VisualStudioVersion = 16.0.30413.136
MinimumVisualStudioVersion = 10.0.40219.1
Project("{FAE04EC0-301F-11D3-BF4B-00C04F79EFBC}") = "XF.tp3.Android", "XF.tp3\XF.tp3.Android\XF.tp3.Android.csproj", "{B0173EF1-5205-4729-8F83-1C2349175E3C}"
EndProject
Project("{FAE04EC0-301F-11D3-BF4B-00C04F79EFBC}") = "XF.tp3", "XF.tp3\XF.tp3\XF.tp3.csproj", "{F8D035AB-2EAA-4084-87C2-80FB62BB6265}"
EndProject
Global
	GlobalSection(SolutionConfigurationPlatforms) = preSolution
		Debug|Any CPU = Debug|Any CPU
		Release|Any CPU = Release|Any CPU
	EndGlobalSection
	GlobalSection(ProjectConfigurationPlatforms) = postSolution
		{B0173EF1-5205-4729-8F83-1C2349175E3C}.Debug|Any CPU.ActiveCfg = Debug|Any CPU
		{B0173EF1-5205-4729-8F83-1C2349175E3C}.Debug|Any CPU.Build.0 = Debug|Any CPU
		{B0173EF1-5205-4729-8F83-1C2349175E3C}.Debug|Any CPU.Deploy.0 = Debug|Any CPU
		{B0173EF1-5205-4729-8F83-1C2349175E3C}.Release|Any CPU.ActiveCfg = Release|Any CPU
		{B0173EF1-5205-4729-8F83-1C2349175E3C}.Release|Any CPU.Build.0 = Release|Any CPU
		{B0173EF1-5205-4729-8F83-1C2349175E3C}.Release|Any CPU.Deploy.0 = Release|Any CPU
		{F8D035AB-2EAA-4084-87C2-80FB62BB6265}.Debug|Any CPU.ActiveCfg = Debug|Any CPU
		{F8D035AB-2EAA-4084-87C2-80FB62BB6265}.Debug|Any CPU.Build.0 = Debug|Any CPU
		{F8D035AB-2EAA-4084-87C2-80FB62BB6265}.Release|Any CPU.ActiveCfg = Release|Any CPU
		{F8D035AB-2EAA-4084-87C2-80FB62BB6265}.Release|Any CPU.Build.0 = Release|Any CPU
	EndGlobalSection
	GlobalSection(SolutionProperties) = preSolution
		HideSolutionNode = FALSE
	EndGlobalSection
	GlobalSection(ExtensibilityGlobals) = postSolution
		SolutionGuid = {D65E7367-FBA3-4E07-8E10-1866B60E39CF}
	EndGlobalSection
EndGlobal
